// !$*UTF8*$!
{
	archiveVersion = 1;
	classes = {
	};
	objectVersion = 55;
	objects = {

/* Begin PBXBuildFile section */
		777CCF4F270C6D1700378448 /* AppDelegate.swift in Sources */ = {isa = PBXBuildFile; fileRef = 777CCF4E270C6D1700378448 /* AppDelegate.swift */; };
		777CCF51270C6D1700378448 /* SceneDelegate.swift in Sources */ = {isa = PBXBuildFile; fileRef = 777CCF50270C6D1700378448 /* SceneDelegate.swift */; };
		777CCF53270C6D1700378448 /* ViewController.swift in Sources */ = {isa = PBXBuildFile; fileRef = 777CCF52270C6D1700378448 /* ViewController.swift */; };
		777CCF58270C6D1900378448 /* Assets.xcassets in Resources */ = {isa = PBXBuildFile; fileRef = 777CCF57270C6D1900378448 /* Assets.xcassets */; };
		777CCF5B270C6D1900378448 /* LaunchScreen.storyboard in Resources */ = {isa = PBXBuildFile; fileRef = 777CCF59270C6D1900378448 /* LaunchScreen.storyboard */; };
		777CCF63270C6D8000378448 /* .gitignore in Resources */ = {isa = PBXBuildFile; fileRef = 777CCF62270C6D8000378448 /* .gitignore */; };
		777CCF65270C74A600378448 /* Model.swift in Sources */ = {isa = PBXBuildFile; fileRef = 777CCF64270C74A600378448 /* Model.swift */; };
		777CCF69270C928000378448 /* DetailViewController.swift in Sources */ = {isa = PBXBuildFile; fileRef = 777CCF68270C928000378448 /* DetailViewController.swift */; };
		777CCF6B270CA88600378448 /* NetworkService.swift in Sources */ = {isa = PBXBuildFile; fileRef = 777CCF6A270CA88600378448 /* NetworkService.swift */; };
		777CCF77270DBE9400378448 /* Kingfisher in Frameworks */ = {isa = PBXBuildFile; productRef = 777CCF76270DBE9400378448 /* Kingfisher */; };
		777CCF79270DC42A00378448 /* Cell.swift in Sources */ = {isa = PBXBuildFile; fileRef = 777CCF78270DC42A00378448 /* Cell.swift */; };
		777CCF7B270EEBF000378448 /* MainPresenter.swift in Sources */ = {isa = PBXBuildFile; fileRef = 777CCF7A270EEBF000378448 /* MainPresenter.swift */; };
		777CCF7D270EECE300378448 /* Coordinator.swift in Sources */ = {isa = PBXBuildFile; fileRef = 777CCF7C270EECE300378448 /* Coordinator.swift */; };
		777CCF85270EEFC100378448 /* MainViewProtocol.swift in Sources */ = {isa = PBXBuildFile; fileRef = 777CCF84270EEFC100378448 /* MainViewProtocol.swift */; };
		777CCF87270EEFE200378448 /* NetworkServiceProtocol.swift in Sources */ = {isa = PBXBuildFile; fileRef = 777CCF86270EEFE200378448 /* NetworkServiceProtocol.swift */; };
		777CCF8B270EF04B00378448 /* MainPresenterProtocol.swift in Sources */ = {isa = PBXBuildFile; fileRef = 777CCF8A270EF04B00378448 /* MainPresenterProtocol.swift */; };
		777CCF8D270EF71000378448 /* CoordinatorProtocol.swift in Sources */ = {isa = PBXBuildFile; fileRef = 777CCF8C270EF71000378448 /* CoordinatorProtocol.swift */; };
		777CCF8F271443DE00378448 /* Item.swift in Sources */ = {isa = PBXBuildFile; fileRef = 777CCF8E271443DE00378448 /* Item.swift */; };
		777CCF922714B33400378448 /* String+Extension.swift in Sources */ = {isa = PBXBuildFile; fileRef = 777CCF912714B33400378448 /* String+Extension.swift */; };
/* End PBXBuildFile section */

/* Begin PBXFileReference section */
		777CCF4B270C6D1700378448 /* TestAppForQEX.app */ = {isa = PBXFileReference; explicitFileType = wrapper.application; includeInIndex = 0; path = TestAppForQEX.app; sourceTree = BUILT_PRODUCTS_DIR; };
		777CCF4E270C6D1700378448 /* AppDelegate.swift */ = {isa = PBXFileReference; lastKnownFileType = sourcecode.swift; path = AppDelegate.swift; sourceTree = "<group>"; };
		777CCF50270C6D1700378448 /* SceneDelegate.swift */ = {isa = PBXFileReference; lastKnownFileType = sourcecode.swift; path = SceneDelegate.swift; sourceTree = "<group>"; };
		777CCF52270C6D1700378448 /* ViewController.swift */ = {isa = PBXFileReference; lastKnownFileType = sourcecode.swift; path = ViewController.swift; sourceTree = "<group>"; };
		777CCF57270C6D1900378448 /* Assets.xcassets */ = {isa = PBXFileReference; lastKnownFileType = folder.assetcatalog; path = Assets.xcassets; sourceTree = "<group>"; };
		777CCF5A270C6D1900378448 /* Base */ = {isa = PBXFileReference; lastKnownFileType = file.storyboard; name = Base; path = Base.lproj/LaunchScreen.storyboard; sourceTree = "<group>"; };
		777CCF5C270C6D1900378448 /* Info.plist */ = {isa = PBXFileReference; lastKnownFileType = text.plist.xml; path = Info.plist; sourceTree = "<group>"; };
		777CCF62270C6D8000378448 /* .gitignore */ = {isa = PBXFileReference; lastKnownFileType = text; path = .gitignore; sourceTree = "<group>"; };
		777CCF64270C74A600378448 /* Model.swift */ = {isa = PBXFileReference; lastKnownFileType = sourcecode.swift; path = Model.swift; sourceTree = "<group>"; };
		777CCF68270C928000378448 /* DetailViewController.swift */ = {isa = PBXFileReference; lastKnownFileType = sourcecode.swift; path = DetailViewController.swift; sourceTree = "<group>"; };
		777CCF6A270CA88600378448 /* NetworkService.swift */ = {isa = PBXFileReference; lastKnownFileType = sourcecode.swift; path = NetworkService.swift; sourceTree = "<group>"; };
		777CCF78270DC42A00378448 /* Cell.swift */ = {isa = PBXFileReference; lastKnownFileType = sourcecode.swift; path = Cell.swift; sourceTree = "<group>"; };
		777CCF7A270EEBF000378448 /* MainPresenter.swift */ = {isa = PBXFileReference; lastKnownFileType = sourcecode.swift; path = MainPresenter.swift; sourceTree = "<group>"; };
		777CCF7C270EECE300378448 /* Coordinator.swift */ = {isa = PBXFileReference; lastKnownFileType = sourcecode.swift; path = Coordinator.swift; sourceTree = "<group>"; };
		777CCF84270EEFC100378448 /* MainViewProtocol.swift */ = {isa = PBXFileReference; lastKnownFileType = sourcecode.swift; path = MainViewProtocol.swift; sourceTree = "<group>"; };
		777CCF86270EEFE200378448 /* NetworkServiceProtocol.swift */ = {isa = PBXFileReference; lastKnownFileType = sourcecode.swift; path = NetworkServiceProtocol.swift; sourceTree = "<group>"; };
		777CCF8A270EF04B00378448 /* MainPresenterProtocol.swift */ = {isa = PBXFileReference; lastKnownFileType = sourcecode.swift; path = MainPresenterProtocol.swift; sourceTree = "<group>"; };
		777CCF8C270EF71000378448 /* CoordinatorProtocol.swift */ = {isa = PBXFileReference; lastKnownFileType = sourcecode.swift; path = CoordinatorProtocol.swift; sourceTree = "<group>"; };
		777CCF8E271443DE00378448 /* Item.swift */ = {isa = PBXFileReference; lastKnownFileType = sourcecode.swift; path = Item.swift; sourceTree = "<group>"; };
		777CCF912714B33400378448 /* String+Extension.swift */ = {isa = PBXFileReference; lastKnownFileType = sourcecode.swift; path = "String+Extension.swift"; sourceTree = "<group>"; };
/* End PBXFileReference section */

/* Begin PBXFrameworksBuildPhase section */
		777CCF48270C6D1700378448 /* Frameworks */ = {
			isa = PBXFrameworksBuildPhase;
			buildActionMask = 2147483647;
			files = (
				777CCF77270DBE9400378448 /* Kingfisher in Frameworks */,
			);
			runOnlyForDeploymentPostprocessing = 0;
		};
/* End PBXFrameworksBuildPhase section */

/* Begin PBXGroup section */
		777CCF42270C6D1700378448 = {
			isa = PBXGroup;
			children = (
				777CCF62270C6D8000378448 /* .gitignore */,
				777CCF4D270C6D1700378448 /* TestAppForQEX */,
				777CCF4C270C6D1700378448 /* Products */,
			);
			sourceTree = "<group>";
		};
		777CCF4C270C6D1700378448 /* Products */ = {
			isa = PBXGroup;
			children = (
				777CCF4B270C6D1700378448 /* TestAppForQEX.app */,
			);
			name = Products;
			sourceTree = "<group>";
		};
		777CCF4D270C6D1700378448 /* TestAppForQEX */ = {
			isa = PBXGroup;
			children = (
				777CCF6C270DB7B800378448 /* Delegates */,
				777CCF83270EEFA200378448 /* Protocols */,
				777CCF7E270EED3100378448 /* Coordinator */,
				777CCF74270DBA9800378448 /* Services */,
				777CCF902714B31B00378448 /* Extensions */,
				777CCF80270EED8200378448 /* Presenters */,
				777CCF7F270EED6F00378448 /* Controllers */,
				777CCF81270EED8D00378448 /* Models */,
				777CCF6D270DB81D00378448 /* Resources */,
				777CCF6E270DB85C00378448 /* Configuration */,
			);
			path = TestAppForQEX;
			sourceTree = "<group>";
		};
		777CCF6C270DB7B800378448 /* Delegates */ = {
			isa = PBXGroup;
			children = (
				777CCF4E270C6D1700378448 /* AppDelegate.swift */,
				777CCF50270C6D1700378448 /* SceneDelegate.swift */,
			);
			path = Delegates;
			sourceTree = "<group>";
		};
		777CCF6D270DB81D00378448 /* Resources */ = {
			isa = PBXGroup;
			children = (
				777CCF57270C6D1900378448 /* Assets.xcassets */,
				777CCF59270C6D1900378448 /* LaunchScreen.storyboard */,
			);
			path = Resources;
			sourceTree = "<group>";
		};
		777CCF6E270DB85C00378448 /* Configuration */ = {
			isa = PBXGroup;
			children = (
				777CCF5C270C6D1900378448 /* Info.plist */,
			);
			path = Configuration;
			sourceTree = "<group>";
		};
		777CCF74270DBA9800378448 /* Services */ = {
			isa = PBXGroup;
			children = (
				777CCF6A270CA88600378448 /* NetworkService.swift */,
				777CCF64270C74A600378448 /* Model.swift */,
			);
			path = Services;
			sourceTree = "<group>";
		};
		777CCF7E270EED3100378448 /* Coordinator */ = {
			isa = PBXGroup;
			children = (
				777CCF7C270EECE300378448 /* Coordinator.swift */,
			);
			path = Coordinator;
			sourceTree = "<group>";
		};
		777CCF7F270EED6F00378448 /* Controllers */ = {
			isa = PBXGroup;
			children = (
				777CCF52270C6D1700378448 /* ViewController.swift */,
				777CCF68270C928000378448 /* DetailViewController.swift */,
				777CCF82270EEDB000378448 /* Cell */,
			);
			path = Controllers;
			sourceTree = "<group>";
		};
		777CCF80270EED8200378448 /* Presenters */ = {
			isa = PBXGroup;
			children = (
				777CCF7A270EEBF000378448 /* MainPresenter.swift */,
			);
			path = Presenters;
			sourceTree = "<group>";
		};
		777CCF81270EED8D00378448 /* Models */ = {
			isa = PBXGroup;
			children = (
				777CCF8E271443DE00378448 /* Item.swift */,
			);
			path = Models;
			sourceTree = "<group>";
		};
		777CCF82270EEDB000378448 /* Cell */ = {
			isa = PBXGroup;
			children = (
				777CCF78270DC42A00378448 /* Cell.swift */,
			);
			path = Cell;
			sourceTree = "<group>";
		};
		777CCF83270EEFA200378448 /* Protocols */ = {
			isa = PBXGroup;
			children = (
				777CCF8C270EF71000378448 /* CoordinatorProtocol.swift */,
				777CCF86270EEFE200378448 /* NetworkServiceProtocol.swift */,
				777CCF84270EEFC100378448 /* MainViewProtocol.swift */,
				777CCF8A270EF04B00378448 /* MainPresenterProtocol.swift */,
			);
			path = Protocols;
			sourceTree = "<group>";
		};
		777CCF902714B31B00378448 /* Extensions */ = {
			isa = PBXGroup;
			children = (
				777CCF912714B33400378448 /* String+Extension.swift */,
			);
			path = Extensions;
			sourceTree = "<group>";
		};
/* End PBXGroup section */

/* Begin PBXNativeTarget section */
		777CCF4A270C6D1700378448 /* TestAppForQEX */ = {
			isa = PBXNativeTarget;
			buildConfigurationList = 777CCF5F270C6D1900378448 /* Build configuration list for PBXNativeTarget "TestAppForQEX" */;
			buildPhases = (
				777CCF47270C6D1700378448 /* Sources */,
				777CCF48270C6D1700378448 /* Frameworks */,
				777CCF49270C6D1700378448 /* Resources */,
			);
			buildRules = (
			);
			dependencies = (
			);
			name = TestAppForQEX;
			packageProductDependencies = (
				777CCF76270DBE9400378448 /* Kingfisher */,
			);
			productName = TestAppForQEX;
			productReference = 777CCF4B270C6D1700378448 /* TestAppForQEX.app */;
			productType = "com.apple.product-type.application";
		};
/* End PBXNativeTarget section */

/* Begin PBXProject section */
		777CCF43270C6D1700378448 /* Project object */ = {
			isa = PBXProject;
			attributes = {
				BuildIndependentTargetsInParallel = 1;
				LastSwiftUpdateCheck = 1300;
				LastUpgradeCheck = 1300;
				TargetAttributes = {
					777CCF4A270C6D1700378448 = {
						CreatedOnToolsVersion = 13.0;
					};
				};
			};
			buildConfigurationList = 777CCF46270C6D1700378448 /* Build configuration list for PBXProject "TestAppForQEX" */;
			compatibilityVersion = "Xcode 13.0";
			developmentRegion = en;
			hasScannedForEncodings = 0;
			knownRegions = (
				en,
				Base,
			);
			mainGroup = 777CCF42270C6D1700378448;
			packageReferences = (
				777CCF75270DBE9400378448 /* XCRemoteSwiftPackageReference "Kingfisher" */,
			);
			productRefGroup = 777CCF4C270C6D1700378448 /* Products */;
			projectDirPath = "";
			projectRoot = "";
			targets = (
				777CCF4A270C6D1700378448 /* TestAppForQEX */,
			);
		};
/* End PBXProject section */

/* Begin PBXResourcesBuildPhase section */
		777CCF49270C6D1700378448 /* Resources */ = {
			isa = PBXResourcesBuildPhase;
			buildActionMask = 2147483647;
			files = (
				777CCF63270C6D8000378448 /* .gitignore in Resources */,
				777CCF5B270C6D1900378448 /* LaunchScreen.storyboard in Resources */,
				777CCF58270C6D1900378448 /* Assets.xcassets in Resources */,
			);
			runOnlyForDeploymentPostprocessing = 0;
		};
/* End PBXResourcesBuildPhase section */

/* Begin PBXSourcesBuildPhase section */
		777CCF47270C6D1700378448 /* Sources */ = {
			isa = PBXSourcesBuildPhase;
			buildActionMask = 2147483647;
			files = (
				777CCF8B270EF04B00378448 /* MainPresenterProtocol.swift in Sources */,
				777CCF53270C6D1700378448 /* ViewController.swift in Sources */,
				777CCF4F270C6D1700378448 /* AppDelegate.swift in Sources */,
				777CCF79270DC42A00378448 /* Cell.swift in Sources */,
				777CCF8F271443DE00378448 /* Item.swift in Sources */,
				777CCF7B270EEBF000378448 /* MainPresenter.swift in Sources */,
				777CCF7D270EECE300378448 /* Coordinator.swift in Sources */,
				777CCF69270C928000378448 /* DetailViewController.swift in Sources */,
				777CCF8D270EF71000378448 /* CoordinatorProtocol.swift in Sources */,
				777CCF51270C6D1700378448 /* SceneDelegate.swift in Sources */,
				777CCF6B270CA88600378448 /* NetworkService.swift in Sources */,
				777CCF65270C74A600378448 /* Model.swift in Sources */,
				777CCF87270EEFE200378448 /* NetworkServiceProtocol.swift in Sources */,
				777CCF922714B33400378448 /* String+Extension.swift in Sources */,
				777CCF85270EEFC100378448 /* MainViewProtocol.swift in Sources */,
			);
			runOnlyForDeploymentPostprocessing = 0;
		};
/* End PBXSourcesBuildPhase section */

/* Begin PBXVariantGroup section */
		777CCF59270C6D1900378448 /* LaunchScreen.storyboard */ = {
			isa = PBXVariantGroup;
			children = (
				777CCF5A270C6D1900378448 /* Base */,
			);
			name = LaunchScreen.storyboard;
			sourceTree = "<group>";
		};
/* End PBXVariantGroup section */

/* Begin XCBuildConfiguration section */
		777CCF5D270C6D1900378448 /* Debug */ = {
			isa = XCBuildConfiguration;
			buildSettings = {
				ALWAYS_SEARCH_USER_PATHS = NO;
				CLANG_ANALYZER_NONNULL = YES;
				CLANG_ANALYZER_NUMBER_OBJECT_CONVERSION = YES_AGGRESSIVE;
				CLANG_CXX_LANGUAGE_STANDARD = "gnu++17";
				CLANG_CXX_LIBRARY = "libc++";
				CLANG_ENABLE_MODULES = YES;
				CLANG_ENABLE_OBJC_ARC = YES;
				CLANG_ENABLE_OBJC_WEAK = YES;
				CLANG_WARN_BLOCK_CAPTURE_AUTORELEASING = YES;
				CLANG_WARN_BOOL_CONVERSION = YES;
				CLANG_WARN_COMMA = YES;
				CLANG_WARN_CONSTANT_CONVERSION = YES;
				CLANG_WARN_DEPRECATED_OBJC_IMPLEMENTATIONS = YES;
				CLANG_WARN_DIRECT_OBJC_ISA_USAGE = YES_ERROR;
				CLANG_WARN_DOCUMENTATION_COMMENTS = YES;
				CLANG_WARN_EMPTY_BODY = YES;
				CLANG_WARN_ENUM_CONVERSION = YES;
				CLANG_WARN_INFINITE_RECURSION = YES;
				CLANG_WARN_INT_CONVERSION = YES;
				CLANG_WARN_NON_LITERAL_NULL_CONVERSION = YES;
				CLANG_WARN_OBJC_IMPLICIT_RETAIN_SELF = YES;
				CLANG_WARN_OBJC_LITERAL_CONVERSION = YES;
				CLANG_WARN_OBJC_ROOT_CLASS = YES_ERROR;
				CLANG_WARN_QUOTED_INCLUDE_IN_FRAMEWORK_HEADER = YES;
				CLANG_WARN_RANGE_LOOP_ANALYSIS = YES;
				CLANG_WARN_STRICT_PROTOTYPES = YES;
				CLANG_WARN_SUSPICIOUS_MOVE = YES;
				CLANG_WARN_UNGUARDED_AVAILABILITY = YES_AGGRESSIVE;
				CLANG_WARN_UNREACHABLE_CODE = YES;
				CLANG_WARN__DUPLICATE_METHOD_MATCH = YES;
				COPY_PHASE_STRIP = NO;
				DEBUG_INFORMATION_FORMAT = dwarf;
				ENABLE_STRICT_OBJC_MSGSEND = YES;
				ENABLE_TESTABILITY = YES;
				GCC_C_LANGUAGE_STANDARD = gnu11;
				GCC_DYNAMIC_NO_PIC = NO;
				GCC_NO_COMMON_BLOCKS = YES;
				GCC_OPTIMIZATION_LEVEL = 0;
				GCC_PREPROCESSOR_DEFINITIONS = (
					"DEBUG=1",
					"$(inherited)",
				);
				GCC_WARN_64_TO_32_BIT_CONVERSION = YES;
				GCC_WARN_ABOUT_RETURN_TYPE = YES_ERROR;
				GCC_WARN_UNDECLARED_SELECTOR = YES;
				GCC_WARN_UNINITIALIZED_AUTOS = YES_AGGRESSIVE;
				GCC_WARN_UNUSED_FUNCTION = YES;
				GCC_WARN_UNUSED_VARIABLE = YES;
				IPHONEOS_DEPLOYMENT_TARGET = 15.0;
				MTL_ENABLE_DEBUG_INFO = INCLUDE_SOURCE;
				MTL_FAST_MATH = YES;
				ONLY_ACTIVE_ARCH = YES;
				SDKROOT = iphoneos;
				SWIFT_ACTIVE_COMPILATION_CONDITIONS = DEBUG;
				SWIFT_OPTIMIZATION_LEVEL = "-Onone";
			};
			name = Debug;
		};
		777CCF5E270C6D1900378448 /* Release */ = {
			isa = XCBuildConfiguration;
			buildSettings = {
				ALWAYS_SEARCH_USER_PATHS = NO;
				CLANG_ANALYZER_NONNULL = YES;
				CLANG_ANALYZER_NUMBER_OBJECT_CONVERSION = YES_AGGRESSIVE;
				CLANG_CXX_LANGUAGE_STANDARD = "gnu++17";
				CLANG_CXX_LIBRARY = "libc++";
				CLANG_ENABLE_MODULES = YES;
				CLANG_ENABLE_OBJC_ARC = YES;
				CLANG_ENABLE_OBJC_WEAK = YES;
				CLANG_WARN_BLOCK_CAPTURE_AUTORELEASING = YES;
				CLANG_WARN_BOOL_CONVERSION = YES;
				CLANG_WARN_COMMA = YES;
				CLANG_WARN_CONSTANT_CONVERSION = YES;
				CLANG_WARN_DEPRECATED_OBJC_IMPLEMENTATIONS = YES;
				CLANG_WARN_DIRECT_OBJC_ISA_USAGE = YES_ERROR;
				CLANG_WARN_DOCUMENTATION_COMMENTS = YES;
				CLANG_WARN_EMPTY_BODY = YES;
				CLANG_WARN_ENUM_CONVERSION = YES;
				CLANG_WARN_INFINITE_RECURSION = YES;
				CLANG_WARN_INT_CONVERSION = YES;
				CLANG_WARN_NON_LITERAL_NULL_CONVERSION = YES;
				CLANG_WARN_OBJC_IMPLICIT_RETAIN_SELF = YES;
				CLANG_WARN_OBJC_LITERAL_CONVERSION = YES;
				CLANG_WARN_OBJC_ROOT_CLASS = YES_ERROR;
				CLANG_WARN_QUOTED_INCLUDE_IN_FRAMEWORK_HEADER = YES;
				CLANG_WARN_RANGE_LOOP_ANALYSIS = YES;
				CLANG_WARN_STRICT_PROTOTYPES = YES;
				CLANG_WARN_SUSPICIOUS_MOVE = YES;
				CLANG_WARN_UNGUARDED_AVAILABILITY = YES_AGGRESSIVE;
				CLANG_WARN_UNREACHABLE_CODE = YES;
				CLANG_WARN__DUPLICATE_METHOD_MATCH = YES;
				COPY_PHASE_STRIP = NO;
				DEBUG_INFORMATION_FORMAT = "dwarf-with-dsym";
				ENABLE_NS_ASSERTIONS = NO;
				ENABLE_STRICT_OBJC_MSGSEND = YES;
				GCC_C_LANGUAGE_STANDARD = gnu11;
				GCC_NO_COMMON_BLOCKS = YES;
				GCC_WARN_64_TO_32_BIT_CONVERSION = YES;
				GCC_WARN_ABOUT_RETURN_TYPE = YES_ERROR;
				GCC_WARN_UNDECLARED_SELECTOR = YES;
				GCC_WARN_UNINITIALIZED_AUTOS = YES_AGGRESSIVE;
				GCC_WARN_UNUSED_FUNCTION = YES;
				GCC_WARN_UNUSED_VARIABLE = YES;
				IPHONEOS_DEPLOYMENT_TARGET = 15.0;
				MTL_ENABLE_DEBUG_INFO = NO;
				MTL_FAST_MATH = YES;
				SDKROOT = iphoneos;
				SWIFT_COMPILATION_MODE = wholemodule;
				SWIFT_OPTIMIZATION_LEVEL = "-O";
				VALIDATE_PRODUCT = YES;
			};
			name = Release;
		};
		777CCF60270C6D1900378448 /* Debug */ = {
			isa = XCBuildConfiguration;
			buildSettings = {
				ASSETCATALOG_COMPILER_APPICON_NAME = AppIcon;
				ASSETCATALOG_COMPILER_GLOBAL_ACCENT_COLOR_NAME = AccentColor;
				CODE_SIGN_STYLE = Automatic;
				CURRENT_PROJECT_VERSION = 1;
				DEVELOPMENT_TEAM = CDMM7YYVLS;
				GENERATE_INFOPLIST_FILE = YES;
				INFOPLIST_FILE = TestAppForQEX/Configuration/Info.plist;
				INFOPLIST_KEY_UIApplicationSupportsIndirectInputEvents = YES;
				INFOPLIST_KEY_UILaunchStoryboardName = LaunchScreen;
				INFOPLIST_KEY_UISupportedInterfaceOrientations = "";
				INFOPLIST_KEY_UISupportedInterfaceOrientations_iPad = "UIInterfaceOrientationPortrait UIInterfaceOrientationPortraitUpsideDown UIInterfaceOrientationLandscapeLeft UIInterfaceOrientationLandscapeRight";
				INFOPLIST_KEY_UISupportedInterfaceOrientations_iPhone = "UIInterfaceOrientationPortrait UIInterfaceOrientationLandscapeLeft UIInterfaceOrientationLandscapeRight";
				LD_RUNPATH_SEARCH_PATHS = (
					"$(inherited)",
					"@executable_path/Frameworks",
				);
				MARKETING_VERSION = 1.0;
				PRODUCT_BUNDLE_IDENTIFIER = dmitrii.TestAppForQEX;
				PRODUCT_NAME = "$(TARGET_NAME)";
				SWIFT_EMIT_LOC_STRINGS = YES;
				SWIFT_VERSION = 5.0;
				TARGETED_DEVICE_FAMILY = 1;
			};
			name = Debug;
		};
		777CCF61270C6D1900378448 /* Release */ = {
			isa = XCBuildConfiguration;
			buildSettings = {
				ASSETCATALOG_COMPILER_APPICON_NAME = AppIcon;
				ASSETCATALOG_COMPILER_GLOBAL_ACCENT_COLOR_NAME = AccentColor;
				CODE_SIGN_STYLE = Automatic;
				CURRENT_PROJECT_VERSION = 1;
				DEVELOPMENT_TEAM = CDMM7YYVLS;
				GENERATE_INFOPLIST_FILE = YES;
				INFOPLIST_FILE = TestAppForQEX/Configuration/Info.plist;
				INFOPLIST_KEY_UIApplicationSupportsIndirectInputEvents = YES;
				INFOPLIST_KEY_UILaunchStoryboardName = LaunchScreen;
				INFOPLIST_KEY_UISupportedInterfaceOrientations = "";
				INFOPLIST_KEY_UISupportedInterfaceOrientations_iPad = "UIInterfaceOrientationPortrait UIInterfaceOrientationPortraitUpsideDown UIInterfaceOrientationLandscapeLeft UIInterfaceOrientationLandscapeRight";
				INFOPLIST_KEY_UISupportedInterfaceOrientations_iPhone = "UIInterfaceOrientationPortrait UIInterfaceOrientationLandscapeLeft UIInterfaceOrientationLandscapeRight";
				LD_RUNPATH_SEARCH_PATHS = (
					"$(inherited)",
					"@executable_path/Frameworks",
				);
				MARKETING_VERSION = 1.0;
				PRODUCT_BUNDLE_IDENTIFIER = dmitrii.TestAppForQEX;
				PRODUCT_NAME = "$(TARGET_NAME)";
				SWIFT_EMIT_LOC_STRINGS = YES;
				SWIFT_VERSION = 5.0;
				TARGETED_DEVICE_FAMILY = 1;
			};
			name = Release;
		};
/* End XCBuildConfiguration section */

/* Begin XCConfigurationList section */
		777CCF46270C6D1700378448 /* Build configuration list for PBXProject "TestAppForQEX" */ = {
			isa = XCConfigurationList;
			buildConfigurations = (
				777CCF5D270C6D1900378448 /* Debug */,
				777CCF5E270C6D1900378448 /* Release */,
			);
			defaultConfigurationIsVisible = 0;
			defaultConfigurationName = Release;
		};
		777CCF5F270C6D1900378448 /* Build configuration list for PBXNativeTarget "TestAppForQEX" */ = {
			isa = XCConfigurationList;
			buildConfigurations = (
				777CCF60270C6D1900378448 /* Debug */,
				777CCF61270C6D1900378448 /* Release */,
			);
			defaultConfigurationIsVisible = 0;
			defaultConfigurationName = Release;
		};
/* End XCConfigurationList section */

/* Begin XCRemoteSwiftPackageReference section */
		777CCF75270DBE9400378448 /* XCRemoteSwiftPackageReference "Kingfisher" */ = {
			isa = XCRemoteSwiftPackageReference;
			repositoryURL = "https://github.com/onevcat/Kingfisher.git";
			requirement = {
				kind = upToNextMajorVersion;
				minimumVersion = 7.0.0;
			};
		};
/* End XCRemoteSwiftPackageReference section */

/* Begin XCSwiftPackageProductDependency section */
		777CCF76270DBE9400378448 /* Kingfisher */ = {
			isa = XCSwiftPackageProductDependency;
			package = 777CCF75270DBE9400378448 /* XCRemoteSwiftPackageReference "Kingfisher" */;
			productName = Kingfisher;
		};
/* End XCSwiftPackageProductDependency section */
	};
	rootObject = 777CCF43270C6D1700378448 /* Project object */;
}
